# This file is automatically @generated by Cargo.
# It is not intended for manual editing.
version = 4

[[package]]
name = "aho-corasick"
version = "1.1.2"
source = "registry+https://github.com/rust-lang/crates.io-index"
checksum = "b2969dcb958b36655471fc61f7e416fa76033bdd4bfed0678d8fee1e2d07a1f0"
dependencies = [
 "memchr",
]

[[package]]
name = "argh"
version = "0.1.19"
source = "registry+https://github.com/rust-lang/crates.io-index"
checksum = "211818e820cda9ca6f167a64a5c808837366a6dfd807157c64c1304c486cd033"
dependencies = [
 "argh_derive",
 "argh_shared",
]

[[package]]
name = "argh_derive"
version = "0.1.19"
source = "registry+https://github.com/rust-lang/crates.io-index"
checksum = "c442a9d18cef5dde467405d27d461d080d68972d6d0dfd0408265b6749ec427d"
dependencies = [
 "argh_shared",
 "proc-macro2",
 "quote",
 "syn 2.0.48",
]

[[package]]
name = "argh_shared"
version = "0.1.19"
source = "registry+https://github.com/rust-lang/crates.io-index"
checksum = "e5ade012bac4db278517a0132c8c10c6427025868dca16c801087c28d5a411f1"
dependencies = [
 "serde",
]

[[package]]
name = "bincode"
version = "2.0.0-rc.3"
source = "registry+https://github.com/rust-lang/crates.io-index"
checksum = "f11ea1a0346b94ef188834a65c068a03aec181c94896d481d7a0a40d85b0ce95"
dependencies = [
 "bincode_derive",
 "serde",
]

[[package]]
name = "bincode_derive"
version = "2.0.0-rc.3"
source = "registry+https://github.com/rust-lang/crates.io-index"
checksum = "7e30759b3b99a1b802a7a3aa21c85c3ded5c28e1c83170d82d70f08bbf7f3e4c"
dependencies = [
 "virtue",
]

[[package]]
name = "calcit_calx"
version = "0.0.5"
dependencies = [
 "calcit_native_ffi",
 "calx_vm",
 "cirru_edn",
 "cirru_parser 0.1.32",
 "cirru_parser 0.2.15",
]

[[package]]
name = "calcit_native_ffi"
version = "0.1.2"
source = "registry+https://github.com/rust-lang/crates.io-index"
checksum = "42a8cfaff7caed355a63e9df68c57cea5af1d01b1b37734ed812a4a9ed2faeed"
dependencies = [
 "cirru_edn",
]

[[package]]
name = "calx_vm"
version = "0.2.2"
source = "registry+https://github.com/rust-lang/crates.io-index"
checksum = "d8527372668feccc216e09c9341b16e2bb8785aacc7f634a338f62771fe20ccc"
dependencies = [
 "argh",
 "bincode",
 "cirru_parser 0.1.32",
 "regex",
]

[[package]]
name = "cirru_edn"
version = "0.8.0"
source = "registry+https://github.com/rust-lang/crates.io-index"
checksum = "7f9a574a5164698fdd0881368444c47fad4b3188f82898386b9f28b83d9626d7"
dependencies = [
 "cirru_parser 0.2.15",
 "cjk",
 "hex",
 "serde",
]

[[package]]
name = "cirru_parser"
version = "0.1.32"
source = "registry+https://github.com/rust-lang/crates.io-index"
checksum = "80273bdb658dfbedb5f4ed429cff0907fb7181da12bb1fb5de8f0d222eb6c9c0"
dependencies = [
 "bincode",
]

[[package]]
name = "cirru_parser"
version = "0.2.15"
source = "registry+https://github.com/rust-lang/crates.io-index"
checksum = "91044eb215dc0a2a75af6d3955f0074a4e7024ed4608a3be812024a950bb4e73"
dependencies = [
 "serde",
]

[[package]]
name = "cjk"
version = "0.2.5"
source = "registry+https://github.com/rust-lang/crates.io-index"
checksum = "8c5581b1ff873217332789ccc8956c1c68bcf9d693e7e5c6bcc677897fda5257"
dependencies = [
 "hex",
 "lazy_static",
 "unicode-blocks",
 "widestring",
]

[[package]]
name = "hex"
version = "0.4.3"
source = "registry+https://github.com/rust-lang/crates.io-index"
checksum = "7f24254aa9a54b5c858eaee2f5bccdb46aaf0e486a595ed5fd8f86ba55232a70"

[[package]]
name = "lazy_static"
version = "1.4.0"
source = "registry+https://github.com/rust-lang/crates.io-index"
checksum = "e2abad23fbc42b3700f2f279844dc832adb2b2eb069b2df918f455c4e18cc646"

[[package]]
name = "memchr"
version = "2.7.1"
source = "registry+https://github.com/rust-lang/crates.io-index"
checksum = "523dc4f511e55ab87b694dc30d0f820d60906ef06413f93d4d7a1385599cc149"

[[package]]
name = "proc-macro2"
version = "1.0.107"
source = "registry+https://github.com/rust-lang/crates.io-index"
checksum = "985e7ec9bb745e6ce6535b544d84d6cd6f7ad8bd711c398938ae983b91a766d9"
dependencies = [
 "unicode-ident",
]

[[package]]
name = "quote"
version = "1.0.35"
source = "registry+https://github.com/rust-lang/crates.io-index"
checksum = "291ec9ab5efd934aaf503a6466c5d5251535d108ee747472c3977cc5acc868ef"
dependencies = [
 "proc-macro2",
]

[[package]]
name = "regex"
version = "1.13.1"
source = "registry+https://github.com/rust-lang/crates.io-index"
checksum = "f020237b6c8eed93db2e2cb53c00c60a8e1bc73da7d073199a1180401450218d"
dependencies = [
 "aho-corasick",
 "memchr",
 "regex-automata",
 "regex-syntax",
]

[[package]]
name = "regex-automata"
version = "0.4.18"
source = "registry+https://github.com/rust-lang/crates.io-index"
checksum = "ad8553b9b26413251cbf30e620595c7a41b3887f03da04579c0e6b0d6a06b4b2"
dependencies = [
 "aho-corasick",
 "memchr",
 "regex-syntax",
]

[[package]]
name = "regex-syntax"
version = "0.8.11"
source = "registry+https://github.com/rust-lang/crates.io-index"
checksum = "d6f6ff9a378485b298a5286656da665ba74413d36db0979633275d2e708145d4"

[[package]]
name = "serde"
version = "1.0.229"
source = "registry+https://github.com/rust-lang/crates.io-index"
checksum = "4148590afebada386688f18773da617792bf2ef03ffc1e4cbd2b1d45b023e0ba"
dependencies = [
 "serde_core",
 "serde_derive",
]

[[package]]
name = "serde_core"
version = "1.0.229"
source = "registry+https://github.com/rust-lang/crates.io-index"
checksum = "67dca2c9c51e58a4791a4b1ed58308b39c64224d349a935ab5039aa360942a48"
dependencies = [
 "serde_derive",
]

[[package]]
name = "serde_derive"
version = "1.0.229"
source = "registry+https://github.com/rust-lang/crates.io-index"
checksum = "e7a5d71263a5a7d47b41f6b3f06ba276f10cc18b0931f1799f710578e2309348"
dependencies = [
 "proc-macro2",
 "quote",
 "syn 3.0.4",
]

[[package]]
name = "syn"
version = "2.0.48"
source = "registry+https://github.com/rust-lang/crates.io-index"
checksum = "0f3531638e407dfc0814761abb7c00a5b54992b849452a0646b7f65c9f770f3f"
dependencies = [
 "proc-macro2",
 "quote",
 "unicode-ident",
]

[[package]]
name = "syn"
version = "3.0.4"
source = "registry+https://github.com/rust-lang/crates.io-index"
checksum = "e6275cddf4610d1775e6d1fe9469b2e77d0f39fd98fb7450901b821e0c53649f"
dependencies = [
 "proc-macro2",
 "quote",
 "unicode-ident",
]

[[package]]
name = "unicode-blocks"
version = "0.1.10"
source = "registry+https://github.com/rust-lang/crates.io-index"
checksum = "328edfd6d0bb91a22e592bed3a3b54c7b1f5c92a517f5a7aca24a2caef10c363"

[[package]]
name = "unicode-ident"
version = "1.0.12"
source = "registry+https://github.com/rust-lang/crates.io-index"
checksum = "3354b9ac3fae1ff6755cb6db53683adb661634f67557942dea4facebec0fee4b"

[[package]]
name = "virtue"
version = "0.0.13"
source = "registry+https://github.com/rust-lang/crates.io-index"
checksum = "9dcc60c0624df774c82a0ef104151231d37da4962957d691c011c852b2473314"

[[package]]
name = "widestring"
version = "0.4.3"
source = "registry+https://github.com/rust-lang/crates.io-index"
checksum = "c168940144dd21fd8046987c16a46a33d5fc84eec29ef9dcddc2ac9e31526b7c"
